
Microsoft Visual Studio Solution File, Format Version 12.00
# Visual Studio 2012
Project("{FAE04EC0-301F-11D3-BF4B-00C04F79EFBC}") = "OAuthDesktopFlowExample", "OAuthDesktopFlowExample\OAuthDesktopFlowExample.csproj", "{42A73A92-1035-46A9-B0BD-4086FAEB0BCA}"
EndProject
Global
	GlobalSection(SolutionConfigurationPlatforms) = preSolution
		Debug|Any CPU = Debug|Any CPU
		Release|Any CPU = Release|Any CPU
	EndGlobalSection
	GlobalSection(ProjectConfigurationPlatforms) = postSolution
		{42A73A92-1035-46A9-B0BD-4086FAEB0BCA}.Debug|Any CPU.ActiveCfg = Debug|Any CPU
		{42A73A92-1035-46A9-B0BD-4086FAEB0BCA}.Debug|Any CPU.Build.0 = Debug|Any CPU
		{42A73A92-1035-46A9-B0BD-4086FAEB0BCA}.Release|Any CPU.ActiveCfg = Release|Any CPU
		{42A73A92-1035-46A9-B0BD-4086FAEB0BCA}.Release|Any CPU.Build.0 = Release|Any CPU
	EndGlobalSection
	GlobalSection(SolutionProperties) = preSolution
		HideSolutionNode = FALSE
	EndGlobalSection
EndGlobal
